{
  "requires": true,
  "lockfileVersion": 1,
  "dependencies": {
    "@types/component-emitter": {
      "version": "1.2.10",
      "resolved": "https://registry.npmjs.org/@types/component-emitter/-/component-emitter-1.2.10.tgz",
      "integrity": "sha512-bsjleuRKWmGqajMerkzox19aGbscQX5rmmvvXl3wlIp5gMG1HgkiwPxsN5p070fBDKTNSPgojVbuY1+HWMbFhg=="
    },
    "axios": {
      "version": "0.21.1",
      "resolved": "https://registry.npmjs.org/axios/-/axios-0.21.1.tgz",
      "integrity": "sha512-dKQiRHxGD9PPRIUNIWvZhPTPpl1rf/OxTYKsqKUDjBwYylTvV7SjSHJb9ratfyzM6wCdLCOYLzs73qpg5c4iGA==",
      "requires": {
        "follow-redirects": "^1.10.0"
      }
    },
    "backo2": {
      "version": "1.0.2",
      "resolved": "https://registry.npmjs.org/backo2/-/backo2-1.0.2.tgz",
      "integrity": "sha1-MasayLEpNjRj41s+u2n038+6eUc="
    },
    "base64-arraybuffer": {
      "version": "0.1.4",
      "resolved": "https://registry.npmjs.org/base64-arraybuffer/-/base64-arraybuffer-0.1.4.tgz",
      "integrity": "sha1-mBjHngWbE1X5fgQooBfIOOkLqBI="
    },
    "bignumber.js": {
      "version": "9.0.0",
      "resolved": "https://registry.npmjs.org/bignumber.js/-/bignumber.js-9.0.0.tgz",
      "integrity": "sha512-t/OYhhJ2SD+YGBQcjY8GzzDHEk9f3nerxjtfa6tlMXfe7frs/WozhvCNoGvpM0P3bNf3Gq5ZRMlGr5f3r4/N8A=="
    },
    "component-emitter": {
      "version": "1.3.0",
      "resolved": "https://registry.npmjs.org/component-emitter/-/component-emitter-1.3.0.tgz",
      "integrity": "sha512-Rd3se6QB+sO1TwqZjscQrurpEPIfO0/yYnSin6Q/rD3mOutHvUrCAhJub3r90uNb+SESBuE0QYoB90YdfatsRg=="
    },
    "core-util-is": {
      "version": "1.0.2",
      "resolved": "https://registry.npmjs.org/core-util-is/-/core-util-is-1.0.2.tgz",
      "integrity": "sha1-tf1UIgqivFq1eqtxQMlAdUUDwac="
    },
    "debug": {
      "version": "4.3.2",
      "resolved": "https://registry.npmjs.org/debug/-/debug-4.3.2.tgz",
      "integrity": "sha512-mOp8wKcvj7XxC78zLgw/ZA+6TSgkoE2C/ienthhRD298T7UNwAg9diBpLRxC0mOezLl4B0xV7M0cCO6P/O0Xhw==",
      "requires": {
        "ms": "2.1.2"
      }
    },
    "engine.io-client": {
      "version": "4.1.4",
      "resolved": "https://registry.npmjs.org/engine.io-client/-/engine.io-client-4.1.4.tgz",
      "integrity": "sha512-843fqAdKeUMFqKi1sSjnR11tJ4wi8sIefu6+JC1OzkkJBmjtc/gM/rZ53tJfu5Iae/3gApm5veoS+v+gtT0+Fg==",
      "requires": {
        "base64-arraybuffer": "0.1.4",
        "component-emitter": "~1.3.0",
        "debug": "~4.3.1",
        "engine.io-parser": "~4.0.1",
        "has-cors": "1.1.0",
        "parseqs": "0.0.6",
        "parseuri": "0.0.6",
        "ws": "~7.4.2",
        "xmlhttprequest-ssl": "~1.6.2",
        "yeast": "0.1.2"
      }
    },
    "engine.io-parser": {
      "version": "4.0.2",
      "resolved": "https://registry.npmjs.org/engine.io-parser/-/engine.io-parser-4.0.2.tgz",
      "integrity": "sha512-sHfEQv6nmtJrq6TKuIz5kyEKH/qSdK56H/A+7DnAuUPWosnIZAS2NHNcPLmyjtY3cGS/MqJdZbUjW97JU72iYg==",
      "requires": {
        "base64-arraybuffer": "0.1.4"
      }
    },
    "follow-redirects": {
      "version": "1.14.1",
      "resolved": "https://registry.npmjs.org/follow-redirects/-/follow-redirects-1.14.1.tgz",
      "integrity": "sha512-HWqDgT7ZEkqRzBvc2s64vSZ/hfOceEol3ac/7tKwzuvEyWx3/4UegXh5oBOIotkGsObyk3xznnSRVADBgWSQVg=="
    },
    "has-cors": {
      "version": "1.1.0",
      "resolved": "https://registry.npmjs.org/has-cors/-/has-cors-1.1.0.tgz",
      "integrity": "sha1-XkdHk/fqmEPRu5nCPu9J/xJv/zk="
    },
    "inherits": {
      "version": "2.0.4",
      "resolved": "https://registry.npmjs.org/inherits/-/inherits-2.0.4.tgz",
      "integrity": "sha512-k/vGaX4/Yla3WzyMCvTQOXYeIHvqOKtnqBduzTHpzpQZzAskKMhZ2K+EnBiSM9zGSoIFeMpXKxa4dYeZIQqewQ=="
    },
    "isarray": {
      "version": "1.0.0",
      "resolved": "https://registry.npmjs.org/isarray/-/isarray-1.0.0.tgz",
      "integrity": "sha1-u5NdSFgsuhaMBoNJV6VKPgcSTxE="
    },
    "ms": {
      "version": "2.1.2",
      "resolved": "https://registry.npmjs.org/ms/-/ms-2.1.2.tgz",
      "integrity": "sha512-sGkPx+VjMtmA6MX27oA4FBFELFCZZ4S4XqeGOXCv68tT+jb3vk/RyaKWP0PTKyWtmLSM0b+adUTEvbs1PEaH2w=="
    },
    "mysql": {
      "version": "2.18.1",
      "resolved": "https://registry.npmjs.org/mysql/-/mysql-2.18.1.tgz",
      "integrity": "sha512-Bca+gk2YWmqp2Uf6k5NFEurwY/0td0cpebAucFpY/3jhrwrVGuxU2uQFCHjU19SJfje0yQvi+rVWdq78hR5lig==",
      "requires": {
        "bignumber.js": "9.0.0",
        "readable-stream": "2.3.7",
        "safe-buffer": "5.1.2",
        "sqlstring": "2.3.1"
      }
    },
    "nan": {
      "version": "2.14.2",
      "resolved": "https://registry.npmjs.org/nan/-/nan-2.14.2.tgz",
      "integrity": "sha512-M2ufzIiINKCuDfBSAUr1vWQ+vuVcA9kqx8JJUsbQi6yf1uGRyb7HfpdfUr5qLXf3B/t8dPvcjhKMmlfnP47EzQ=="
    },
    "node-gyp-build": {
      "version": "4.2.3",
      "resolved": "https://registry.npmjs.org/node-gyp-build/-/node-gyp-build-4.2.3.tgz",
      "integrity": "sha512-MN6ZpzmfNCRM+3t57PTJHgHyw/h4OWnZ6mR8P5j/uZtqQr46RRuDE/P+g3n0YR/AiYXeWixZZzaip77gdICfRg=="
    },
    "nodemailer": {
      "version": "6.6.2",
      "resolved": "https://registry.npmjs.org/nodemailer/-/nodemailer-6.6.2.tgz",
      "integrity": "sha512-YSzu7TLbI+bsjCis/TZlAXBoM4y93HhlIgo0P5oiA2ua9Z4k+E2Fod//ybIzdJxOlXGRcHIh/WaeCBehvxZb/Q=="
    },
    "parseqs": {
      "version": "0.0.6",
      "resolved": "https://registry.npmjs.org/parseqs/-/parseqs-0.0.6.tgz",
      "integrity": "sha512-jeAGzMDbfSHHA091hr0r31eYfTig+29g3GKKE/PPbEQ65X0lmMwlEoqmhzu0iztID5uJpZsFlUPDP8ThPL7M8w=="
    },
    "parseuri": {
      "version": "0.0.6",
      "resolved": "https://registry.npmjs.org/parseuri/-/parseuri-0.0.6.tgz",
      "integrity": "sha512-AUjen8sAkGgao7UyCX6Ahv0gIK2fABKmYjvP4xmy5JaKvcbTRueIqIPHLAfq30xJddqSE033IOMUSOMCcK3Sow=="
    },
    "process-nextick-args": {
      "version": "2.0.1",
      "resolved": "https://registry.npmjs.org/process-nextick-args/-/process-nextick-args-2.0.1.tgz",
      "integrity": "sha512-3ouUOpQhtgrbOa17J7+uxOTpITYWaGP7/AhoR3+A+/1e9skrzelGi/dXzEYyvbxubEF6Wn2ypscTKiKJFFn1ag=="
    },
    "readable-stream": {
      "version": "2.3.7",
      "resolved": "https://registry.npmjs.org/readable-stream/-/readable-stream-2.3.7.tgz",
      "integrity": "sha512-Ebho8K4jIbHAxnuxi7o42OrZgF/ZTNcsZj6nRKyUmkhLFq8CHItp/fy6hQZuZmP/n3yZ9VBUbp4zz/mX8hmYPw==",
      "requires": {
        "core-util-is": "~1.0.0",
        "inherits": "~2.0.3",
        "isarray": "~1.0.0",
        "process-nextick-args": "~2.0.0",
        "safe-buffer": "~5.1.1",
        "string_decoder": "~1.1.1",
        "util-deprecate": "~1.0.1"
      }
    },
    "safe-buffer": {
      "version": "5.1.2",
      "resolved": "https://registry.npmjs.org/safe-buffer/-/safe-buffer-5.1.2.tgz",
      "integrity": "sha512-Gd2UZBJDkXlY7GbJxfsE8/nvKkUEU1G38c1siN6QP6a9PT9MmHB8GnpscSmMJSoF8LOIrt8ud/wPtojys4G6+g=="
    },
    "socket.io-client": {
      "version": "3.1.3",
      "resolved": "https://registry.npmjs.org/socket.io-client/-/socket.io-client-3.1.3.tgz",
      "integrity": "sha512-4sIGOGOmCg3AOgGi7EEr6ZkTZRkrXwub70bBB/F0JSkMOUFpA77WsL87o34DffQQ31PkbMUIadGOk+3tx1KGbw==",
      "requires": {
        "@types/component-emitter": "^1.2.10",
        "backo2": "~1.0.2",
        "component-emitter": "~1.3.0",
        "debug": "~4.3.1",
        "engine.io-client": "~4.1.0",
        "parseuri": "0.0.6",
        "socket.io-parser": "~4.0.4"
      }
    },
    "socket.io-parser": {
      "version": "4.0.4",
      "resolved": "https://registry.npmjs.org/socket.io-parser/-/socket.io-parser-4.0.4.tgz",
      "integrity": "sha512-t+b0SS+IxG7Rxzda2EVvyBZbvFPBCjJoyHuE0P//7OAsN23GItzDRdWa6ALxZI/8R5ygK7jAR6t028/z+7295g==",
      "requires": {
        "@types/component-emitter": "^1.2.10",
        "component-emitter": "~1.3.0",
        "debug": "~4.3.1"
      }
    },
    "sqlstring": {
      "version": "2.3.1",
      "resolved": "https://registry.npmjs.org/sqlstring/-/sqlstring-2.3.1.tgz",
      "integrity": "sha1-R1OT/56RR5rqYtyvDKPRSYOn+0A="
    },
    "string_decoder": {
      "version": "1.1.1",
      "resolved": "https://registry.npmjs.org/string_decoder/-/string_decoder-1.1.1.tgz",
      "integrity": "sha512-n/ShnvDi6FHbbVfviro+WojiFzv+s8MPMHBczVePfUpDJLwoLT0ht1l4YwBCbi8pJAveEEdnkHyPyTP/mzRfwg==",
      "requires": {
        "safe-buffer": "~5.1.0"
      }
    },
    "util-deprecate": {
      "version": "1.0.2",
      "resolved": "https://registry.npmjs.org/util-deprecate/-/util-deprecate-1.0.2.tgz",
      "integrity": "sha1-RQ1Nyfpw3nMnYvvS1KKJgUGaDM8="
    },
    "ws": {
      "version": "7.4.6",
      "resolved": "https://registry.npmjs.org/ws/-/ws-7.4.6.tgz",
      "integrity": "sha512-YmhHDO4MzaDLB+M9ym/mDA5z0naX8j7SIlT8f8z+I0VtzsRbekxEutHSme7NPS2qE8StCYQNUnfWdXta/Yu85A=="
    },
    "xmlhttprequest-ssl": {
      "version": "1.6.3",
      "resolved": "https://registry.npmjs.org/xmlhttprequest-ssl/-/xmlhttprequest-ssl-1.6.3.tgz",
      "integrity": "sha512-3XfeQE/wNkvrIktn2Kf0869fC0BN6UpydVasGIeSm2B1Llihf7/0UfZM+eCkOw3P7bP4+qPgqhm7ZoxuJtFU0Q=="
    },
    "yeast": {
      "version": "0.1.2",
      "resolved": "https://registry.npmjs.org/yeast/-/yeast-0.1.2.tgz",
      "integrity": "sha1-AI4G2AlDIMNy28L47XagymyKxBk="
    },
    "zeromq": {
      "version": "5.2.8",
      "resolved": "https://registry.npmjs.org/zeromq/-/zeromq-5.2.8.tgz",
      "integrity": "sha512-bXzsk7KOmgLSv1tC0Ms1VXBy90+Rz27ZYf27cLuldRYbpqYpuWJfxxHFhO710t22zgWBnmdUP0m3SKFpLI0u5g==",
      "requires": {
        "nan": "2.14.2",
        "node-gyp-build": "^4.2.3"
      }
    }
  }
}
